
Microsoft Visual Studio Solution File, Format Version 12.00
# Visual Studio Version 16
VisualStudioVersion = 16.0.32602.291
MinimumVisualStudioVersion = 10.0.40219.1
Project("{FAE04EC0-301F-11D3-BF4B-00C04F79EFBC}") = "Guia3-Tarea3NSB", "Guia3-Tarea3NSB.csproj", "{029EA461-DE46-42CA-BB88-E6A30843474F}"
EndProject
Global
	GlobalSection(SolutionConfigurationPlatforms) = preSolution
		Debug|Any CPU = Debug|Any CPU
		Release|Any CPU = Release|Any CPU
	EndGlobalSection
	GlobalSection(ProjectConfigurationPlatforms) = postSolution
		{029EA461-DE46-42CA-BB88-E6A30843474F}.Debug|Any CPU.ActiveCfg = Debug|Any CPU
		{029EA461-DE46-42CA-BB88-E6A30843474F}.Debug|Any CPU.Build.0 = Debug|Any CPU
		{029EA461-DE46-42CA-BB88-E6A30843474F}.Release|Any CPU.ActiveCfg = Release|Any CPU
		{029EA461-DE46-42CA-BB88-E6A30843474F}.Release|Any CPU.Build.0 = Release|Any CPU
	EndGlobalSection
	GlobalSection(SolutionProperties) = preSolution
		HideSolutionNode = FALSE
	EndGlobalSection
	GlobalSection(ExtensibilityGlobals) = postSolution
		SolutionGuid = {06E846A3-3D73-480B-B48C-6C142F8A3CE2}
	EndGlobalSection
EndGlobal
